<?xml version="1.0" encoding="utf-8"?>
<Project ToolsVersion="4.0" xmlns="http://schemas.microsoft.com/developer/msbuild/2003">
  <ItemGroup>
    <Filter Include="Source Files">
      <UniqueIdentifier>{4FC737F1-C7A5-4376-A066-2A32D752A2FF}</UniqueIdentifier>
      <Extensions>cpp;c;cc;cxx;def;odl;idl;hpj;bat;asm;asmx</Extensions>
    </Filter>
    <Filter Include="Header Files">
      <UniqueIdentifier>{93995380-89BD-4b04-88EB-625FBE52EBFB}</UniqueIdentifier>
      <Extensions>h;hh;hpp;hxx;hm;inl;inc;xsd</Extensions>
    </Filter>
    <Filter Include="Resource Files">
      <UniqueIdentifier>{67DA6AB6-F800-4c08-8B7A-83BB121AAD01}</UniqueIdentifier>
      <Extensions>rc;ico;cur;bmp;dlg;rc2;rct;bin;rgs;gif;jpg;jpeg;jpe;resx;tiff;tif;png;wav;mfcribbon-ms</Extensions>
    </Filter>
    <Filter Include="Source Files\Framework">
      <UniqueIdentifier>{3883d8c8-46aa-4f36-b16c-d70b7f63ad48}</UniqueIdentifier>
    </Filter>
    <Filter Include="Source Files\Framework\Renderer">
      <UniqueIdentifier>{d07cb647-734e-4f21-926e-c7da15f519c9}</UniqueIdentifier>
    </Filter>
    <Filter Include="Source Files\Libs">
      <UniqueIdentifier>{7539117a-a637-4be3-a182-091ff674c028}</UniqueIdentifier>
    </Filter>
    <Filter Include="Source Files\Libs\imgui">
      <UniqueIdentifier>{36738ea2-a0d5-4012-93c8-14b4678a0fa3}</UniqueIdentifier>
    </Filter>
  </ItemGroup>
  <ItemGroup>
    <ClInclude Include="Syntic.h">
      <Filter>Header Files</Filter>
    </ClInclude>
    <ClInclude Include="framework\Common.h">
      <Filter>Source Files\Framework</Filter>
    </ClInclude>
    <ClInclude Include="resource.h">
      <Filter>Header Files</Filter>
    </ClInclude>
    <ClInclude Include="framework\Renderer.h">
      <Filter>Source Files\Framework</Filter>
    </ClInclude>
    <ClInclude Include="framework\RenderSettings.h">
      <Filter>Source Files\Framework\Renderer</Filter>
    </ClInclude>
    <ClInclude Include="libs\imgui\imconfig.h">
      <Filter>Source Files\Libs\imgui</Filter>
    </ClInclude>
    <ClInclude Include="libs\imgui\imgui.h">
      <Filter>Source Files\Libs\imgui</Filter>
    </ClInclude>
    <ClInclude Include="libs\imgui\imgui_internal.h">
      <Filter>Source Files\Libs\imgui</Filter>
    </ClInclude>
    <ClInclude Include="libs\imgui\stb_rect_pack.h">
      <Filter>Source Files\Libs\imgui</Filter>
    </ClInclude>
    <ClInclude Include="libs\imgui\stb_textedit.h">
      <Filter>Source Files\Libs\imgui</Filter>
    </ClInclude>
    <ClInclude Include="libs\imgui\stb_truetype.h">
      <Filter>Source Files\Libs\imgui</Filter>
    </ClInclude>
    <ClInclude Include="framework\Console.h">
      <Filter>Source Files\Framework</Filter>
    </ClInclude>
    <ClInclude Include="framework\Timer.h">
      <Filter>Source Files\Framework</Filter>
    </ClInclude>
  </ItemGroup>
  <ItemGroup>
    <ClCompile Include="Syntic.cpp">
      <Filter>Source Files</Filter>
    </ClCompile>
    <ClCompile Include="framework\Common.cpp">
      <Filter>Source Files\Framework</Filter>
    </ClCompile>
    <ClCompile Include="framework\Renderer.cpp">
      <Filter>Source Files\Framework</Filter>
    </ClCompile>
    <ClCompile Include="libs\imgui\imgui.cpp">
      <Filter>Source Files\Libs\imgui</Filter>
    </ClCompile>
    <ClCompile Include="libs\imgui\imgui_demo.cpp">
      <Filter>Source Files\Libs\imgui</Filter>
    </ClCompile>
    <ClCompile Include="libs\imgui\imgui_draw.cpp">
      <Filter>Source Files\Libs\imgui</Filter>
    </ClCompile>
    <ClCompile Include="framework\Console.cpp">
      <Filter>Source Files\Framework</Filter>
    </ClCompile>
    <ClCompile Include="framework\Timer.cpp">
      <Filter>Source Files\Framework</Filter>
    </ClCompile>
  </ItemGroup>
  <ItemGroup>
    <Image Include="small.ico">
      <Filter>Resource Files</Filter>
    </Image>
    <Image Include="Syntic.ico">
      <Filter>Resource Files</Filter>
    </Image>
    <Image Include="icon2.ico">
      <Filter>Resource Files</Filter>
    </Image>
    <Image Include="icon.png">
      <Filter>Resource Files</Filter>
    </Image>
  </ItemGroup>
  <ItemGroup>
    <ResourceCompile Include="Syntic.rc">
      <Filter>Resource Files</Filter>
    </ResourceCompile>
  </ItemGroup>
  <ItemGroup>
    <None Include="packages.config" />
  </ItemGroup>
</Project>